<?xml version="1.0" encoding="utf-8"?>
<Project ToolsVersion="4.0" xmlns="http://schemas.microsoft.com/developer/msbuild/2003">
  <ItemGroup>
    <ClCompile Include="..\..\src\Car.cpp" />
    <ClCompile Include="..\..\src\ConnectionHandler.cpp" />
    <ClCompile Include="..\..\src\Edge.cpp" />
    <ClCompile Include="..\..\src\EdgeHandler.cpp" />
    <ClCompile Include="..\..\src\GraphHandler.cpp" />
    <ClCompile Include="..\..\src\ObserverPattern.cpp" />
    <ClCompile Include="..\..\src\Project1.cpp" />
    <ClCompile Include="..\..\src\RoutingTable.cpp" />
    <ClCompile Include="..\..\src\TrafficLight.cpp" />
    <ClCompile Include="..\..\src\Vertex.cpp" />
    <ClCompile Include="..\..\src\VertexHandler.cpp" />
    <ClCompile Include="..\..\src\Spawner.cpp" />
  </ItemGroup>
  <ItemGroup>
    <ClInclude Include="..\..\src\Car.h" />
    <ClInclude Include="..\..\src\ConnectionHandler.h" />
    <ClInclude Include="..\..\src\Edge.h" />
    <ClInclude Include="..\..\src\EdgeHandler.h" />
    <ClInclude Include="..\..\src\GraphHandler.h" />
    <ClInclude Include="..\..\src\main.h" />
    <ClInclude Include="..\..\src\ObserverPattern.h" />
    <ClInclude Include="..\..\src\Project1.h" />
    <ClInclude Include="..\..\src\RoutingTable.h" />
    <ClInclude Include="..\..\src\TrafficLight.h" />
    <ClInclude Include="..\..\src\Vertex.h" />
    <ClInclude Include="..\..\src\VertexHandler.h" />
    <ClInclude Include="..\..\src\Spawner.h" />
  </ItemGroup>
</Project>